
Microsoft Visual Studio Solution File, Format Version 12.00
# Visual Studio 15
VisualStudioVersion = 15.0.27130.2026
MinimumVisualStudioVersion = 10.0.40219.1
Project("{2150E333-8FDC-42A3-9474-1A3956D46DE8}") = "ORM", "ORM", "{035430D4-EC72-422A-B4FC-04ED12A9194A}"
EndProject
Project("{2150E333-8FDC-42A3-9474-1A3956D46DE8}") = "Common", "Common", "{6AA88AAA-11B2-45BF-95E0-72382269111D}"
EndProject
Project("{FAE04EC0-301F-11D3-BF4B-00C04F79EFBC}") = "EF.edmx", "EF.edmx\EF.edmx.csproj", "{635F0083-2AF5-4012-9981-DC32FEBE1708}"
EndProject
Project("{FAE04EC0-301F-11D3-BF4B-00C04F79EFBC}") = "EF.Entitys", "EF.Entitys\EF.Entitys.csproj", "{BCF485BD-572A-463A-B363-B0F54E7043CF}"
EndProject
Project("{FAE04EC0-301F-11D3-BF4B-00C04F79EFBC}") = "EF.IRespository", "EF.IRespository\EF.IRespository.csproj", "{C1E2274B-725F-4A89-9C7C-CD5C77AC22BD}"
EndProject
Project("{FAE04EC0-301F-11D3-BF4B-00C04F79EFBC}") = "EF.IService", "EF.IService\EF.IService.csproj", "{A92EE17C-D1C7-4C43-8F4D-A15728472F37}"
EndProject
Project("{FAE04EC0-301F-11D3-BF4B-00C04F79EFBC}") = "EF.Respository", "EF.Respository\EF.Respository.csproj", "{05BC3ED8-7629-41E0-A6BC-73956B18DFD1}"
EndProject
Project("{FAE04EC0-301F-11D3-BF4B-00C04F79EFBC}") = "EF.Service", "EF.Service\EF.Service.csproj", "{80733200-9CCE-42E9-8358-02889B42411D}"
EndProject
Project("{FAE04EC0-301F-11D3-BF4B-00C04F79EFBC}") = "EF.Common", "EF.Common\EF.Common.csproj", "{D53DBC8E-F9A5-4F77-8D93-09616C4E56C6}"
EndProject
Project("{FAE04EC0-301F-11D3-BF4B-00C04F79EFBC}") = "EF.Console", "EF.Console\EF.Console.csproj", "{E96A1D96-0420-4B93-88F4-5FD04B1CDE91}"
EndProject
Project("{FAE04EC0-301F-11D3-BF4B-00C04F79EFBC}") = "Future.Console", "Console\Future.Console.csproj", "{02EE3468-1C6E-497E-8484-E5AA3788CE5F}"
EndProject
Project("{FAE04EC0-301F-11D3-BF4B-00C04F79EFBC}") = "Future.Serv", "Serv\Future.Serv.csproj", "{17EF5C6F-033D-477E-A0AA-591808719CD9}"
EndProject
Project("{FAE04EC0-301F-11D3-BF4B-00C04F79EFBC}") = "Future.Api", "Api\Future.Api.csproj", "{21A02182-349B-42A3-B0C8-BBE5241FF55E}"
EndProject
Project("{FAE04EC0-301F-11D3-BF4B-00C04F79EFBC}") = "Future.Api.Doc", "Api.Doc\Future.Api.Doc.csproj", "{FA8BFCFD-EB1C-4D65-B37B-6BAAA12A81FB}"
EndProject
Project("{FAE04EC0-301F-11D3-BF4B-00C04F79EFBC}") = "Future.Notify", "Notify\Future.Notify.csproj", "{D17A38DB-C929-4EB3-BE0A-E11BA86BBCA5}"
EndProject
Project("{FAE04EC0-301F-11D3-BF4B-00C04F79EFBC}") = "Future.PayCenter", "PayCenter\Future.PayCenter.csproj", "{6CAF8CC1-9EA2-4CBB-B2CE-84E4CE2F50E8}"
EndProject
Project("{FAE04EC0-301F-11D3-BF4B-00C04F79EFBC}") = "Future.WinService", "WinService\Future.WinService.csproj", "{FE8F5F72-8183-4BB0-9B92-7DC2B08F4F75}"
EndProject
Global
	GlobalSection(SolutionConfigurationPlatforms) = preSolution
		Debug|Any CPU = Debug|Any CPU
		Release|Any CPU = Release|Any CPU
	EndGlobalSection
	GlobalSection(ProjectConfigurationPlatforms) = postSolution
		{635F0083-2AF5-4012-9981-DC32FEBE1708}.Debug|Any CPU.ActiveCfg = Debug|Any CPU
		{635F0083-2AF5-4012-9981-DC32FEBE1708}.Debug|Any CPU.Build.0 = Debug|Any CPU
		{635F0083-2AF5-4012-9981-DC32FEBE1708}.Release|Any CPU.ActiveCfg = Release|Any CPU
		{635F0083-2AF5-4012-9981-DC32FEBE1708}.Release|Any CPU.Build.0 = Release|Any CPU
		{BCF485BD-572A-463A-B363-B0F54E7043CF}.Debug|Any CPU.ActiveCfg = Debug|Any CPU
		{BCF485BD-572A-463A-B363-B0F54E7043CF}.Debug|Any CPU.Build.0 = Debug|Any CPU
		{BCF485BD-572A-463A-B363-B0F54E7043CF}.Release|Any CPU.ActiveCfg = Release|Any CPU
		{BCF485BD-572A-463A-B363-B0F54E7043CF}.Release|Any CPU.Build.0 = Release|Any CPU
		{C1E2274B-725F-4A89-9C7C-CD5C77AC22BD}.Debug|Any CPU.ActiveCfg = Debug|Any CPU
		{C1E2274B-725F-4A89-9C7C-CD5C77AC22BD}.Debug|Any CPU.Build.0 = Debug|Any CPU
		{C1E2274B-725F-4A89-9C7C-CD5C77AC22BD}.Release|Any CPU.ActiveCfg = Release|Any CPU
		{C1E2274B-725F-4A89-9C7C-CD5C77AC22BD}.Release|Any CPU.Build.0 = Release|Any CPU
		{A92EE17C-D1C7-4C43-8F4D-A15728472F37}.Debug|Any CPU.ActiveCfg = Debug|Any CPU
		{A92EE17C-D1C7-4C43-8F4D-A15728472F37}.Debug|Any CPU.Build.0 = Debug|Any CPU
		{A92EE17C-D1C7-4C43-8F4D-A15728472F37}.Release|Any CPU.ActiveCfg = Release|Any CPU
		{A92EE17C-D1C7-4C43-8F4D-A15728472F37}.Release|Any CPU.Build.0 = Release|Any CPU
		{05BC3ED8-7629-41E0-A6BC-73956B18DFD1}.Debug|Any CPU.ActiveCfg = Debug|Any CPU
		{05BC3ED8-7629-41E0-A6BC-73956B18DFD1}.Debug|Any CPU.Build.0 = Debug|Any CPU
		{05BC3ED8-7629-41E0-A6BC-73956B18DFD1}.Release|Any CPU.ActiveCfg = Release|Any CPU
		{05BC3ED8-7629-41E0-A6BC-73956B18DFD1}.Release|Any CPU.Build.0 = Release|Any CPU
		{80733200-9CCE-42E9-8358-02889B42411D}.Debug|Any CPU.ActiveCfg = Debug|Any CPU
		{80733200-9CCE-42E9-8358-02889B42411D}.Debug|Any CPU.Build.0 = Debug|Any CPU
		{80733200-9CCE-42E9-8358-02889B42411D}.Release|Any CPU.ActiveCfg = Release|Any CPU
		{80733200-9CCE-42E9-8358-02889B42411D}.Release|Any CPU.Build.0 = Release|Any CPU
		{D53DBC8E-F9A5-4F77-8D93-09616C4E56C6}.Debug|Any CPU.ActiveCfg = Debug|Any CPU
		{D53DBC8E-F9A5-4F77-8D93-09616C4E56C6}.Debug|Any CPU.Build.0 = Debug|Any CPU
		{D53DBC8E-F9A5-4F77-8D93-09616C4E56C6}.Release|Any CPU.ActiveCfg = Release|Any CPU
		{D53DBC8E-F9A5-4F77-8D93-09616C4E56C6}.Release|Any CPU.Build.0 = Release|Any CPU
		{E96A1D96-0420-4B93-88F4-5FD04B1CDE91}.Debug|Any CPU.ActiveCfg = Debug|Any CPU
		{E96A1D96-0420-4B93-88F4-5FD04B1CDE91}.Debug|Any CPU.Build.0 = Debug|Any CPU
		{E96A1D96-0420-4B93-88F4-5FD04B1CDE91}.Release|Any CPU.ActiveCfg = Release|Any CPU
		{E96A1D96-0420-4B93-88F4-5FD04B1CDE91}.Release|Any CPU.Build.0 = Release|Any CPU
		{02EE3468-1C6E-497E-8484-E5AA3788CE5F}.Debug|Any CPU.ActiveCfg = Debug|Any CPU
		{02EE3468-1C6E-497E-8484-E5AA3788CE5F}.Debug|Any CPU.Build.0 = Debug|Any CPU
		{02EE3468-1C6E-497E-8484-E5AA3788CE5F}.Release|Any CPU.ActiveCfg = Release|Any CPU
		{02EE3468-1C6E-497E-8484-E5AA3788CE5F}.Release|Any CPU.Build.0 = Release|Any CPU
		{17EF5C6F-033D-477E-A0AA-591808719CD9}.Debug|Any CPU.ActiveCfg = Debug|Any CPU
		{17EF5C6F-033D-477E-A0AA-591808719CD9}.Debug|Any CPU.Build.0 = Debug|Any CPU
		{17EF5C6F-033D-477E-A0AA-591808719CD9}.Release|Any CPU.ActiveCfg = Release|Any CPU
		{17EF5C6F-033D-477E-A0AA-591808719CD9}.Release|Any CPU.Build.0 = Release|Any CPU
		{21A02182-349B-42A3-B0C8-BBE5241FF55E}.Debug|Any CPU.ActiveCfg = Debug|Any CPU
		{21A02182-349B-42A3-B0C8-BBE5241FF55E}.Debug|Any CPU.Build.0 = Debug|Any CPU
		{21A02182-349B-42A3-B0C8-BBE5241FF55E}.Release|Any CPU.ActiveCfg = Release|Any CPU
		{21A02182-349B-42A3-B0C8-BBE5241FF55E}.Release|Any CPU.Build.0 = Release|Any CPU
		{FA8BFCFD-EB1C-4D65-B37B-6BAAA12A81FB}.Debug|Any CPU.ActiveCfg = Debug|Any CPU
		{FA8BFCFD-EB1C-4D65-B37B-6BAAA12A81FB}.Debug|Any CPU.Build.0 = Debug|Any CPU
		{FA8BFCFD-EB1C-4D65-B37B-6BAAA12A81FB}.Release|Any CPU.ActiveCfg = Release|Any CPU
		{FA8BFCFD-EB1C-4D65-B37B-6BAAA12A81FB}.Release|Any CPU.Build.0 = Release|Any CPU
		{D17A38DB-C929-4EB3-BE0A-E11BA86BBCA5}.Debug|Any CPU.ActiveCfg = Debug|Any CPU
		{D17A38DB-C929-4EB3-BE0A-E11BA86BBCA5}.Debug|Any CPU.Build.0 = Debug|Any CPU
		{D17A38DB-C929-4EB3-BE0A-E11BA86BBCA5}.Release|Any CPU.ActiveCfg = Release|Any CPU
		{D17A38DB-C929-4EB3-BE0A-E11BA86BBCA5}.Release|Any CPU.Build.0 = Release|Any CPU
		{6CAF8CC1-9EA2-4CBB-B2CE-84E4CE2F50E8}.Debug|Any CPU.ActiveCfg = Debug|Any CPU
		{6CAF8CC1-9EA2-4CBB-B2CE-84E4CE2F50E8}.Debug|Any CPU.Build.0 = Debug|Any CPU
		{6CAF8CC1-9EA2-4CBB-B2CE-84E4CE2F50E8}.Release|Any CPU.ActiveCfg = Release|Any CPU
		{6CAF8CC1-9EA2-4CBB-B2CE-84E4CE2F50E8}.Release|Any CPU.Build.0 = Release|Any CPU
		{FE8F5F72-8183-4BB0-9B92-7DC2B08F4F75}.Debug|Any CPU.ActiveCfg = Debug|Any CPU
		{FE8F5F72-8183-4BB0-9B92-7DC2B08F4F75}.Debug|Any CPU.Build.0 = Debug|Any CPU
		{FE8F5F72-8183-4BB0-9B92-7DC2B08F4F75}.Release|Any CPU.ActiveCfg = Release|Any CPU
		{FE8F5F72-8183-4BB0-9B92-7DC2B08F4F75}.Release|Any CPU.Build.0 = Release|Any CPU
	EndGlobalSection
	GlobalSection(SolutionProperties) = preSolution
		HideSolutionNode = FALSE
	EndGlobalSection
	GlobalSection(NestedProjects) = preSolution
		{635F0083-2AF5-4012-9981-DC32FEBE1708} = {035430D4-EC72-422A-B4FC-04ED12A9194A}
		{BCF485BD-572A-463A-B363-B0F54E7043CF} = {035430D4-EC72-422A-B4FC-04ED12A9194A}
		{C1E2274B-725F-4A89-9C7C-CD5C77AC22BD} = {035430D4-EC72-422A-B4FC-04ED12A9194A}
		{A92EE17C-D1C7-4C43-8F4D-A15728472F37} = {035430D4-EC72-422A-B4FC-04ED12A9194A}
		{05BC3ED8-7629-41E0-A6BC-73956B18DFD1} = {035430D4-EC72-422A-B4FC-04ED12A9194A}
		{80733200-9CCE-42E9-8358-02889B42411D} = {035430D4-EC72-422A-B4FC-04ED12A9194A}
		{D53DBC8E-F9A5-4F77-8D93-09616C4E56C6} = {035430D4-EC72-422A-B4FC-04ED12A9194A}
		{E96A1D96-0420-4B93-88F4-5FD04B1CDE91} = {035430D4-EC72-422A-B4FC-04ED12A9194A}
		{02EE3468-1C6E-497E-8484-E5AA3788CE5F} = {6AA88AAA-11B2-45BF-95E0-72382269111D}
		{17EF5C6F-033D-477E-A0AA-591808719CD9} = {6AA88AAA-11B2-45BF-95E0-72382269111D}
	EndGlobalSection
	GlobalSection(ExtensibilityGlobals) = postSolution
		SolutionGuid = {2715CF8D-7CCA-41F9-8754-DE8582C97573}
	EndGlobalSection
EndGlobal
